
Microsoft Visual Studio Solution File, Format Version 12.00
# Visual Studio Version 16
VisualStudioVersion = 16.0.30907.101
MinimumVisualStudioVersion = 10.0.40219.1
Project("{00D1A9C2-B5F0-4AF3-8072-F6C62B433612}") = "MexicanoteDB", "MexicanoteDB\MexicanoteDB.sqlproj", "{7FC07F51-FE45-40FF-82A9-4EB58FBCEB1A}"
EndProject
Project("{FAE04EC0-301F-11D3-BF4B-00C04F79EFBC}") = "DataLibrary", "DataLibrary\DataLibrary.csproj", "{610EDE7F-964C-4EFB-BDD2-318A36970D0A}"
EndProject
Global
	GlobalSection(SolutionConfigurationPlatforms) = preSolution
		Debug|Any CPU = Debug|Any CPU
		Release|Any CPU = Release|Any CPU
	EndGlobalSection
	GlobalSection(ProjectConfigurationPlatforms) = postSolution
		{7FC07F51-FE45-40FF-82A9-4EB58FBCEB1A}.Debug|Any CPU.ActiveCfg = Debug|Any CPU
		{7FC07F51-FE45-40FF-82A9-4EB58FBCEB1A}.Debug|Any CPU.Build.0 = Debug|Any CPU
		{7FC07F51-FE45-40FF-82A9-4EB58FBCEB1A}.Debug|Any CPU.Deploy.0 = Debug|Any CPU
		{7FC07F51-FE45-40FF-82A9-4EB58FBCEB1A}.Release|Any CPU.ActiveCfg = Release|Any CPU
		{7FC07F51-FE45-40FF-82A9-4EB58FBCEB1A}.Release|Any CPU.Build.0 = Release|Any CPU
		{7FC07F51-FE45-40FF-82A9-4EB58FBCEB1A}.Release|Any CPU.Deploy.0 = Release|Any CPU
		{610EDE7F-964C-4EFB-BDD2-318A36970D0A}.Debug|Any CPU.ActiveCfg = Debug|Any CPU
		{610EDE7F-964C-4EFB-BDD2-318A36970D0A}.Debug|Any CPU.Build.0 = Debug|Any CPU
		{610EDE7F-964C-4EFB-BDD2-318A36970D0A}.Release|Any CPU.ActiveCfg = Release|Any CPU
		{610EDE7F-964C-4EFB-BDD2-318A36970D0A}.Release|Any CPU.Build.0 = Release|Any CPU
	EndGlobalSection
	GlobalSection(SolutionProperties) = preSolution
		HideSolutionNode = FALSE
	EndGlobalSection
	GlobalSection(ExtensibilityGlobals) = postSolution
		SolutionGuid = {41728263-3394-4E13-BA69-1AFBAEAAD312}
	EndGlobalSection
EndGlobal
